
Microsoft Visual Studio Solution File, Format Version 12.00
# Visual Studio 15
VisualStudioVersion = 15.0.26124.0
MinimumVisualStudioVersion = 15.0.26124.0
Project("{2150E333-8FDC-42A3-9474-1A3956D46DE8}") = "Api", "Api", "{3E645349-C864-4139-9001-1E4DD10FE388}"
EndProject
Project("{FAE04EC0-301F-11D3-BF4B-00C04F79EFBC}") = "WebApi", "WebApi\WebApi.csproj", "{5AB6CD7B-AD18-4D96-94CC-380968DBC8C5}"
EndProject
Project("{2150E333-8FDC-42A3-9474-1A3956D46DE8}") = "Core", "Core", "{473DCEA0-892F-4DA6-9469-194ED9884502}"
EndProject
Project("{FAE04EC0-301F-11D3-BF4B-00C04F79EFBC}") = "Domain", "Domain\Domain.csproj", "{F8BAC541-3121-43AA-8641-90DBE611DFCF}"
EndProject
Project("{FAE04EC0-301F-11D3-BF4B-00C04F79EFBC}") = "Application", "Application\Application.csproj", "{E9053879-B43B-4096-8493-02D878ECC3D0}"
EndProject
Project("{2150E333-8FDC-42A3-9474-1A3956D46DE8}") = "Infrastructure", "Infrastructure", "{01CAA211-79D7-4E58-951C-DEDEFC8A6A58}"
EndProject
Project("{FAE04EC0-301F-11D3-BF4B-00C04F79EFBC}") = "Infrastructure.Persistence", "Infrastructure.Persistence\Infrastructure.Persistence.csproj", "{7DF447D9-A7E2-4F88-96CD-34D0362AF77C}"
EndProject
Project("{FAE04EC0-301F-11D3-BF4B-00C04F79EFBC}") = "Infrastructure.Shared", "Infrastructure.Shared\Infrastructure.Shared.csproj", "{066DE29B-14DA-4FB2-8E84-F97273C7ED60}"
EndProject
Project("{2150E333-8FDC-42A3-9474-1A3956D46DE8}") = "Tests", "Tests", "{3865D07C-9FAE-4174-B6FB-49EAB80E6FBA}"
EndProject
Project("{FAE04EC0-301F-11D3-BF4B-00C04F79EFBC}") = "Lab.Api.Tests", "Lab.Api.Tests\Lab.Api.Tests.csproj", "{02D9BD8F-A254-42C3-A056-23576E2AC185}"
EndProject
Project("{FAE04EC0-301F-11D3-BF4B-00C04F79EFBC}") = "Infrastructure.Identity", "Infrastructure.Identity\Infrastructure.Identity.csproj", "{327DAB1C-475B-493A-A046-8D92C8A5F152}"
EndProject
Global
	GlobalSection(SolutionConfigurationPlatforms) = preSolution
		Debug|Any CPU = Debug|Any CPU
		Debug|x64 = Debug|x64
		Debug|x86 = Debug|x86
		Release|Any CPU = Release|Any CPU
		Release|x64 = Release|x64
		Release|x86 = Release|x86
	EndGlobalSection
	GlobalSection(SolutionProperties) = preSolution
		HideSolutionNode = FALSE
	EndGlobalSection
	GlobalSection(ProjectConfigurationPlatforms) = postSolution
		{5AB6CD7B-AD18-4D96-94CC-380968DBC8C5}.Debug|Any CPU.ActiveCfg = Debug|Any CPU
		{5AB6CD7B-AD18-4D96-94CC-380968DBC8C5}.Debug|Any CPU.Build.0 = Debug|Any CPU
		{5AB6CD7B-AD18-4D96-94CC-380968DBC8C5}.Debug|x64.ActiveCfg = Debug|Any CPU
		{5AB6CD7B-AD18-4D96-94CC-380968DBC8C5}.Debug|x64.Build.0 = Debug|Any CPU
		{5AB6CD7B-AD18-4D96-94CC-380968DBC8C5}.Debug|x86.ActiveCfg = Debug|Any CPU
		{5AB6CD7B-AD18-4D96-94CC-380968DBC8C5}.Debug|x86.Build.0 = Debug|Any CPU
		{5AB6CD7B-AD18-4D96-94CC-380968DBC8C5}.Release|Any CPU.ActiveCfg = Release|Any CPU
		{5AB6CD7B-AD18-4D96-94CC-380968DBC8C5}.Release|Any CPU.Build.0 = Release|Any CPU
		{5AB6CD7B-AD18-4D96-94CC-380968DBC8C5}.Release|x64.ActiveCfg = Release|Any CPU
		{5AB6CD7B-AD18-4D96-94CC-380968DBC8C5}.Release|x64.Build.0 = Release|Any CPU
		{5AB6CD7B-AD18-4D96-94CC-380968DBC8C5}.Release|x86.ActiveCfg = Release|Any CPU
		{5AB6CD7B-AD18-4D96-94CC-380968DBC8C5}.Release|x86.Build.0 = Release|Any CPU
		{F8BAC541-3121-43AA-8641-90DBE611DFCF}.Debug|Any CPU.ActiveCfg = Debug|Any CPU
		{F8BAC541-3121-43AA-8641-90DBE611DFCF}.Debug|Any CPU.Build.0 = Debug|Any CPU
		{F8BAC541-3121-43AA-8641-90DBE611DFCF}.Debug|x64.ActiveCfg = Debug|Any CPU
		{F8BAC541-3121-43AA-8641-90DBE611DFCF}.Debug|x64.Build.0 = Debug|Any CPU
		{F8BAC541-3121-43AA-8641-90DBE611DFCF}.Debug|x86.ActiveCfg = Debug|Any CPU
		{F8BAC541-3121-43AA-8641-90DBE611DFCF}.Debug|x86.Build.0 = Debug|Any CPU
		{F8BAC541-3121-43AA-8641-90DBE611DFCF}.Release|Any CPU.ActiveCfg = Release|Any CPU
		{F8BAC541-3121-43AA-8641-90DBE611DFCF}.Release|Any CPU.Build.0 = Release|Any CPU
		{F8BAC541-3121-43AA-8641-90DBE611DFCF}.Release|x64.ActiveCfg = Release|Any CPU
		{F8BAC541-3121-43AA-8641-90DBE611DFCF}.Release|x64.Build.0 = Release|Any CPU
		{F8BAC541-3121-43AA-8641-90DBE611DFCF}.Release|x86.ActiveCfg = Release|Any CPU
		{F8BAC541-3121-43AA-8641-90DBE611DFCF}.Release|x86.Build.0 = Release|Any CPU
		{E9053879-B43B-4096-8493-02D878ECC3D0}.Debug|Any CPU.ActiveCfg = Debug|Any CPU
		{E9053879-B43B-4096-8493-02D878ECC3D0}.Debug|Any CPU.Build.0 = Debug|Any CPU
		{E9053879-B43B-4096-8493-02D878ECC3D0}.Debug|x64.ActiveCfg = Debug|Any CPU
		{E9053879-B43B-4096-8493-02D878ECC3D0}.Debug|x64.Build.0 = Debug|Any CPU
		{E9053879-B43B-4096-8493-02D878ECC3D0}.Debug|x86.ActiveCfg = Debug|Any CPU
		{E9053879-B43B-4096-8493-02D878ECC3D0}.Debug|x86.Build.0 = Debug|Any CPU
		{E9053879-B43B-4096-8493-02D878ECC3D0}.Release|Any CPU.ActiveCfg = Release|Any CPU
		{E9053879-B43B-4096-8493-02D878ECC3D0}.Release|Any CPU.Build.0 = Release|Any CPU
		{E9053879-B43B-4096-8493-02D878ECC3D0}.Release|x64.ActiveCfg = Release|Any CPU
		{E9053879-B43B-4096-8493-02D878ECC3D0}.Release|x64.Build.0 = Release|Any CPU
		{E9053879-B43B-4096-8493-02D878ECC3D0}.Release|x86.ActiveCfg = Release|Any CPU
		{E9053879-B43B-4096-8493-02D878ECC3D0}.Release|x86.Build.0 = Release|Any CPU
		{7DF447D9-A7E2-4F88-96CD-34D0362AF77C}.Debug|Any CPU.ActiveCfg = Debug|Any CPU
		{7DF447D9-A7E2-4F88-96CD-34D0362AF77C}.Debug|Any CPU.Build.0 = Debug|Any CPU
		{7DF447D9-A7E2-4F88-96CD-34D0362AF77C}.Debug|x64.ActiveCfg = Debug|Any CPU
		{7DF447D9-A7E2-4F88-96CD-34D0362AF77C}.Debug|x64.Build.0 = Debug|Any CPU
		{7DF447D9-A7E2-4F88-96CD-34D0362AF77C}.Debug|x86.ActiveCfg = Debug|Any CPU
		{7DF447D9-A7E2-4F88-96CD-34D0362AF77C}.Debug|x86.Build.0 = Debug|Any CPU
		{7DF447D9-A7E2-4F88-96CD-34D0362AF77C}.Release|Any CPU.ActiveCfg = Release|Any CPU
		{7DF447D9-A7E2-4F88-96CD-34D0362AF77C}.Release|Any CPU.Build.0 = Release|Any CPU
		{7DF447D9-A7E2-4F88-96CD-34D0362AF77C}.Release|x64.ActiveCfg = Release|Any CPU
		{7DF447D9-A7E2-4F88-96CD-34D0362AF77C}.Release|x64.Build.0 = Release|Any CPU
		{7DF447D9-A7E2-4F88-96CD-34D0362AF77C}.Release|x86.ActiveCfg = Release|Any CPU
		{7DF447D9-A7E2-4F88-96CD-34D0362AF77C}.Release|x86.Build.0 = Release|Any CPU
		{066DE29B-14DA-4FB2-8E84-F97273C7ED60}.Debug|Any CPU.ActiveCfg = Debug|Any CPU
		{066DE29B-14DA-4FB2-8E84-F97273C7ED60}.Debug|Any CPU.Build.0 = Debug|Any CPU
		{066DE29B-14DA-4FB2-8E84-F97273C7ED60}.Debug|x64.ActiveCfg = Debug|Any CPU
		{066DE29B-14DA-4FB2-8E84-F97273C7ED60}.Debug|x64.Build.0 = Debug|Any CPU
		{066DE29B-14DA-4FB2-8E84-F97273C7ED60}.Debug|x86.ActiveCfg = Debug|Any CPU
		{066DE29B-14DA-4FB2-8E84-F97273C7ED60}.Debug|x86.Build.0 = Debug|Any CPU
		{066DE29B-14DA-4FB2-8E84-F97273C7ED60}.Release|Any CPU.ActiveCfg = Release|Any CPU
		{066DE29B-14DA-4FB2-8E84-F97273C7ED60}.Release|Any CPU.Build.0 = Release|Any CPU
		{066DE29B-14DA-4FB2-8E84-F97273C7ED60}.Release|x64.ActiveCfg = Release|Any CPU
		{066DE29B-14DA-4FB2-8E84-F97273C7ED60}.Release|x64.Build.0 = Release|Any CPU
		{066DE29B-14DA-4FB2-8E84-F97273C7ED60}.Release|x86.ActiveCfg = Release|Any CPU
		{066DE29B-14DA-4FB2-8E84-F97273C7ED60}.Release|x86.Build.0 = Release|Any CPU
		{02D9BD8F-A254-42C3-A056-23576E2AC185}.Debug|Any CPU.ActiveCfg = Debug|Any CPU
		{02D9BD8F-A254-42C3-A056-23576E2AC185}.Debug|Any CPU.Build.0 = Debug|Any CPU
		{02D9BD8F-A254-42C3-A056-23576E2AC185}.Debug|x64.ActiveCfg = Debug|Any CPU
		{02D9BD8F-A254-42C3-A056-23576E2AC185}.Debug|x64.Build.0 = Debug|Any CPU
		{02D9BD8F-A254-42C3-A056-23576E2AC185}.Debug|x86.ActiveCfg = Debug|Any CPU
		{02D9BD8F-A254-42C3-A056-23576E2AC185}.Debug|x86.Build.0 = Debug|Any CPU
		{02D9BD8F-A254-42C3-A056-23576E2AC185}.Release|Any CPU.ActiveCfg = Release|Any CPU
		{02D9BD8F-A254-42C3-A056-23576E2AC185}.Release|Any CPU.Build.0 = Release|Any CPU
		{02D9BD8F-A254-42C3-A056-23576E2AC185}.Release|x64.ActiveCfg = Release|Any CPU
		{02D9BD8F-A254-42C3-A056-23576E2AC185}.Release|x64.Build.0 = Release|Any CPU
		{02D9BD8F-A254-42C3-A056-23576E2AC185}.Release|x86.ActiveCfg = Release|Any CPU
		{02D9BD8F-A254-42C3-A056-23576E2AC185}.Release|x86.Build.0 = Release|Any CPU
		{327DAB1C-475B-493A-A046-8D92C8A5F152}.Debug|Any CPU.ActiveCfg = Debug|Any CPU
		{327DAB1C-475B-493A-A046-8D92C8A5F152}.Debug|Any CPU.Build.0 = Debug|Any CPU
		{327DAB1C-475B-493A-A046-8D92C8A5F152}.Debug|x64.ActiveCfg = Debug|Any CPU
		{327DAB1C-475B-493A-A046-8D92C8A5F152}.Debug|x64.Build.0 = Debug|Any CPU
		{327DAB1C-475B-493A-A046-8D92C8A5F152}.Debug|x86.ActiveCfg = Debug|Any CPU
		{327DAB1C-475B-493A-A046-8D92C8A5F152}.Debug|x86.Build.0 = Debug|Any CPU
		{327DAB1C-475B-493A-A046-8D92C8A5F152}.Release|Any CPU.ActiveCfg = Release|Any CPU
		{327DAB1C-475B-493A-A046-8D92C8A5F152}.Release|Any CPU.Build.0 = Release|Any CPU
		{327DAB1C-475B-493A-A046-8D92C8A5F152}.Release|x64.ActiveCfg = Release|Any CPU
		{327DAB1C-475B-493A-A046-8D92C8A5F152}.Release|x64.Build.0 = Release|Any CPU
		{327DAB1C-475B-493A-A046-8D92C8A5F152}.Release|x86.ActiveCfg = Release|Any CPU
		{327DAB1C-475B-493A-A046-8D92C8A5F152}.Release|x86.Build.0 = Release|Any CPU
	EndGlobalSection
	GlobalSection(NestedProjects) = preSolution
		{5AB6CD7B-AD18-4D96-94CC-380968DBC8C5} = {3E645349-C864-4139-9001-1E4DD10FE388}
		{F8BAC541-3121-43AA-8641-90DBE611DFCF} = {473DCEA0-892F-4DA6-9469-194ED9884502}
		{E9053879-B43B-4096-8493-02D878ECC3D0} = {473DCEA0-892F-4DA6-9469-194ED9884502}
		{7DF447D9-A7E2-4F88-96CD-34D0362AF77C} = {01CAA211-79D7-4E58-951C-DEDEFC8A6A58}
		{066DE29B-14DA-4FB2-8E84-F97273C7ED60} = {01CAA211-79D7-4E58-951C-DEDEFC8A6A58}
		{02D9BD8F-A254-42C3-A056-23576E2AC185} = {3865D07C-9FAE-4174-B6FB-49EAB80E6FBA}
		{327DAB1C-475B-493A-A046-8D92C8A5F152} = {01CAA211-79D7-4E58-951C-DEDEFC8A6A58}
	EndGlobalSection
EndGlobal
